
Microsoft Visual Studio Solution File, Format Version 12.00
# Visual Studio 15
VisualStudioVersion = 15.0.27703.2026
MinimumVisualStudioVersion = 10.0.40219.1
Project("{FAE04EC0-301F-11D3-BF4B-00C04F79EFBC}") = "veracode-attributes-dn2", "veracode-attributes-dn2.csproj", "{1214E93D-69FB-4BCF-BD0F-CCC496EF9FEF}"
EndProject
Project("{FAE04EC0-301F-11D3-BF4B-00C04F79EFBC}") = "veracode-attributes-dn4", "veracode-attributes-dn4.csproj", "{0AF1BC7C-BA95-450D-9AA3-8400BE4671AD}"
EndProject
Global
	GlobalSection(SolutionConfigurationPlatforms) = preSolution
		Debug|Any CPU = Debug|Any CPU
		Release|Any CPU = Release|Any CPU
	EndGlobalSection
	GlobalSection(ProjectConfigurationPlatforms) = postSolution
		{1214E93D-69FB-4BCF-BD0F-CCC496EF9FEF}.Debug|Any CPU.ActiveCfg = Debug|Any CPU
		{1214E93D-69FB-4BCF-BD0F-CCC496EF9FEF}.Debug|Any CPU.Build.0 = Debug|Any CPU
		{1214E93D-69FB-4BCF-BD0F-CCC496EF9FEF}.Release|Any CPU.ActiveCfg = Release|Any CPU
		{1214E93D-69FB-4BCF-BD0F-CCC496EF9FEF}.Release|Any CPU.Build.0 = Release|Any CPU
		{0AF1BC7C-BA95-450D-9AA3-8400BE4671AD}.Debug|Any CPU.ActiveCfg = Debug|Any CPU
		{0AF1BC7C-BA95-450D-9AA3-8400BE4671AD}.Debug|Any CPU.Build.0 = Debug|Any CPU
		{0AF1BC7C-BA95-450D-9AA3-8400BE4671AD}.Release|Any CPU.ActiveCfg = Release|Any CPU
		{0AF1BC7C-BA95-450D-9AA3-8400BE4671AD}.Release|Any CPU.Build.0 = Release|Any CPU
	EndGlobalSection
	GlobalSection(SolutionProperties) = preSolution
		HideSolutionNode = FALSE
	EndGlobalSection
	GlobalSection(ExtensibilityGlobals) = postSolution
		SolutionGuid = {9EEF0BB8-98D7-43FC-A1CF-EB7539598ED9}
	EndGlobalSection
EndGlobal
